// !$*UTF8*$!
{
	archiveVersion = 1;
	classes = {
	};
	objectVersion = 77;
	objects = {

/* Begin PBXBuildFile section */
		2F1B1F352F82DC1800A1B9E5 /* WebRTC in Frameworks */ = {isa = PBXBuildFile; productRef = 2F1B1F342F82DC1800A1B9E5 /* WebRTC */; };
		2F1B1F3C2F82E1B500A1B9E5 /* FirebaseAnalytics in Frameworks */ = {isa = PBXBuildFile; productRef = 2F1B1F3B2F82E1B500A1B9E5 /* FirebaseAnalytics */; };
		2F1B1F3E2F82E1B500A1B9E5 /* FirebaseAuth in Frameworks */ = {isa = PBXBuildFile; productRef = 2F1B1F3D2F82E1B500A1B9E5 /* FirebaseAuth */; };
		2F1B1F402F82E1B500A1B9E5 /* FirebaseCore in Frameworks */ = {isa = PBXBuildFile; productRef = 2F1B1F3F2F82E1B500A1B9E5 /* FirebaseCore */; };
		2F1B1F422F82E1B500A1B9E5 /* FirebaseCrashlytics in Frameworks */ = {isa = PBXBuildFile; productRef = 2F1B1F412F82E1B500A1B9E5 /* FirebaseCrashlytics */; };
		2F1B1F442F82E1B500A1B9E5 /* FirebaseDatabase in Frameworks */ = {isa = PBXBuildFile; productRef = 2F1B1F432F82E1B500A1B9E5 /* FirebaseDatabase */; };
		2F1B1F462F82E1B500A1B9E5 /* FirebaseFirestore in Frameworks */ = {isa = PBXBuildFile; productRef = 2F1B1F452F82E1B500A1B9E5 /* FirebaseFirestore */; };
		2F1B1F482F82E1B500A1B9E5 /* FirebaseInAppMessaging-Beta in Frameworks */ = {isa = PBXBuildFile; productRef = 2F1B1F472F82E1B500A1B9E5 /* FirebaseInAppMessaging-Beta */; };
		2F1B1F4A2F82E1B500A1B9E5 /* FirebaseMessaging in Frameworks */ = {isa = PBXBuildFile; productRef = 2F1B1F492F82E1B500A1B9E5 /* FirebaseMessaging */; };
		2F1B1F512F82E6E300A1B9E5 /* GoogleSignIn in Frameworks */ = {isa = PBXBuildFile; productRef = 2F1B1F502F82E6E300A1B9E5 /* GoogleSignIn */; };
		2F1B1F532F82E6E300A1B9E5 /* GoogleSignInSwift in Frameworks */ = {isa = PBXBuildFile; productRef = 2F1B1F522F82E6E300A1B9E5 /* GoogleSignInSwift */; };
		2F3576EF2F91571800E1D1CD /* LocationPush.appex in Embed Foundation Extensions */ = {isa = PBXBuildFile; fileRef = 2F3576E82F91571800E1D1CD /* LocationPush.appex */; settings = {ATTRIBUTES = (RemoveHeadersOnCopy, ); }; };
		2FFA08762F84541400FBFAD9 /* FirebaseStorage in Frameworks */ = {isa = PBXBuildFile; productRef = 2FFA08752F84541400FBFAD9 /* FirebaseStorage */; };
		2FFA08782F8456B100FBFAD9 /* FirebaseFunctions in Frameworks */ = {isa = PBXBuildFile; productRef = 2FFA08772F8456B100FBFAD9 /* FirebaseFunctions */; };
/* End PBXBuildFile section */

/* Begin PBXContainerItemProxy section */
		2F3576ED2F91571800E1D1CD /* PBXContainerItemProxy */ = {
			isa = PBXContainerItemProxy;
			containerPortal = 2F1B1EEE2F82D32300A1B9E5 /* Project object */;
			proxyType = 1;
			remoteGlobalIDString = 2F3576E72F91571800E1D1CD;
			remoteInfo = LocationPush;
		};
/* End PBXContainerItemProxy section */

/* Begin PBXCopyFilesBuildPhase section */
		2F3576F02F91571800E1D1CD /* Embed Foundation Extensions */ = {
			isa = PBXCopyFilesBuildPhase;
			buildActionMask = 2147483647;
			dstPath = "";
			dstSubfolderSpec = 13;
			files = (
				2F3576EF2F91571800E1D1CD /* LocationPush.appex in Embed Foundation Extensions */,
			);
			name = "Embed Foundation Extensions";
			runOnlyForDeploymentPostprocessing = 0;
		};
/* End PBXCopyFilesBuildPhase section */

/* Begin PBXFileReference section */
		2F1B1EF62F82D32300A1B9E5 /* Caller.app */ = {isa = PBXFileReference; explicitFileType = wrapper.application; includeInIndex = 0; path = Caller.app; sourceTree = BUILT_PRODUCTS_DIR; };
		2F3576E82F91571800E1D1CD /* LocationPush.appex */ = {isa = PBXFileReference; explicitFileType = "wrapper.app-extension"; includeInIndex = 0; path = LocationPush.appex; sourceTree = BUILT_PRODUCTS_DIR; };
/* End PBXFileReference section */

/* Begin PBXFileSystemSynchronizedBuildFileExceptionSet section */
		2F1B1F322F82D9DF00A1B9E5 /* Exceptions for "Caller" folder in "Caller" target */ = {
			isa = PBXFileSystemSynchronizedBuildFileExceptionSet;
			membershipExceptions = (
				Info.plist,
			);
			target = 2F1B1EF52F82D32300A1B9E5 /* Caller */;
		};
		2F3576F42F91571800E1D1CD /* Exceptions for "LocationPush" folder in "LocationPush" target */ = {
			isa = PBXFileSystemSynchronizedBuildFileExceptionSet;
			membershipExceptions = (
				Info.plist,
			);
			target = 2F3576E72F91571800E1D1CD /* LocationPush */;
		};
/* End PBXFileSystemSynchronizedBuildFileExceptionSet section */

/* Begin PBXFileSystemSynchronizedRootGroup section */
		2F1B1EF82F82D32300A1B9E5 /* Caller */ = {
			isa = PBXFileSystemSynchronizedRootGroup;
			exceptions = (
				2F1B1F322F82D9DF00A1B9E5 /* Exceptions for "Caller" folder in "Caller" target */,
			);
			path = Caller;
			sourceTree = "<group>";
		};
		2F3576E92F91571800E1D1CD /* LocationPush */ = {
			isa = PBXFileSystemSynchronizedRootGroup;
			exceptions = (
				2F3576F42F91571800E1D1CD /* Exceptions for "LocationPush" folder in "LocationPush" target */,
			);
			path = LocationPush;
			sourceTree = "<group>";
		};
/* End PBXFileSystemSynchronizedRootGroup section */

/* Begin PBXFrameworksBuildPhase section */
		2F1B1EF32F82D32300A1B9E5 /* Frameworks */ = {
			isa = PBXFrameworksBuildPhase;
			buildActionMask = 2147483647;
			files = (
				2F1B1F4A2F82E1B500A1B9E5 /* FirebaseMessaging in Frameworks */,
				2F1B1F442F82E1B500A1B9E5 /* FirebaseDatabase in Frameworks */,
				2F1B1F3C2F82E1B500A1B9E5 /* FirebaseAnalytics in Frameworks */,
				2F1B1F3E2F82E1B500A1B9E5 /* FirebaseAuth in Frameworks */,
				2F1B1F482F82E1B500A1B9E5 /* FirebaseInAppMessaging-Beta in Frameworks */,
				2FFA08762F84541400FBFAD9 /* FirebaseStorage in Frameworks */,
				2F1B1F512F82E6E300A1B9E5 /* GoogleSignIn in Frameworks */,
				2F1B1F422F82E1B500A1B9E5 /* FirebaseCrashlytics in Frameworks */,
				2F1B1F402F82E1B500A1B9E5 /* FirebaseCore in Frameworks */,
				2FFA08782F8456B100FBFAD9 /* FirebaseFunctions in Frameworks */,
				2F1B1F352F82DC1800A1B9E5 /* WebRTC in Frameworks */,
				2F1B1F462F82E1B500A1B9E5 /* FirebaseFirestore in Frameworks */,
				2F1B1F532F82E6E300A1B9E5 /* GoogleSignInSwift in Frameworks */,
			);
			runOnlyForDeploymentPostprocessing = 0;
		};
		2F3576E52F91571800E1D1CD /* Frameworks */ = {
			isa = PBXFrameworksBuildPhase;
			buildActionMask = 2147483647;
			files = (
			);
			runOnlyForDeploymentPostprocessing = 0;
		};
/* End PBXFrameworksBuildPhase section */

/* Begin PBXGroup section */
		2F1B1EED2F82D32300A1B9E5 = {
			isa = PBXGroup;
			children = (
				2F1B1EF82F82D32300A1B9E5 /* Caller */,
				2F3576E92F91571800E1D1CD /* LocationPush */,
				2FFA08742F84541400FBFAD9 /* Frameworks */,
				2F1B1EF72F82D32300A1B9E5 /* Products */,
			);
			sourceTree = "<group>";
		};
		2F1B1EF72F82D32300A1B9E5 /* Products */ = {
			isa = PBXGroup;
			children = (
				2F1B1EF62F82D32300A1B9E5 /* Caller.app */,
				2F3576E82F91571800E1D1CD /* LocationPush.appex */,
			);
			name = Products;
			sourceTree = "<group>";
		};
		2FFA08742F84541400FBFAD9 /* Frameworks */ = {
			isa = PBXGroup;
			children = (
			);
			name = Frameworks;
			sourceTree = "<group>";
		};
/* End PBXGroup section */

/* Begin PBXNativeTarget section */
		2F1B1EF52F82D32300A1B9E5 /* Caller */ = {
			isa = PBXNativeTarget;
			buildConfigurationList = 2F1B1F012F82D32300A1B9E5 /* Build configuration list for PBXNativeTarget "Caller" */;
			buildPhases = (
				2F1B1EF22F82D32300A1B9E5 /* Sources */,
				2F1B1EF32F82D32300A1B9E5 /* Frameworks */,
				2F1B1EF42F82D32300A1B9E5 /* Resources */,
				2F3576F02F91571800E1D1CD /* Embed Foundation Extensions */,
			);
			buildRules = (
			);
			dependencies = (
				2F3576EE2F91571800E1D1CD /* PBXTargetDependency */,
			);
			fileSystemSynchronizedGroups = (
				2F1B1EF82F82D32300A1B9E5 /* Caller */,
			);
			name = Caller;
			packageProductDependencies = (
				2F1B1F342F82DC1800A1B9E5 /* WebRTC */,
				2F1B1F3B2F82E1B500A1B9E5 /* FirebaseAnalytics */,
				2F1B1F3D2F82E1B500A1B9E5 /* FirebaseAuth */,
				2F1B1F3F2F82E1B500A1B9E5 /* FirebaseCore */,
				2F1B1F412F82E1B500A1B9E5 /* FirebaseCrashlytics */,
				2F1B1F432F82E1B500A1B9E5 /* FirebaseDatabase */,
				2F1B1F452F82E1B500A1B9E5 /* FirebaseFirestore */,
				2F1B1F472F82E1B500A1B9E5 /* FirebaseInAppMessaging-Beta */,
				2F1B1F492F82E1B500A1B9E5 /* FirebaseMessaging */,
				2F1B1F502F82E6E300A1B9E5 /* GoogleSignIn */,
				2F1B1F522F82E6E300A1B9E5 /* GoogleSignInSwift */,
				2FFA08752F84541400FBFAD9 /* FirebaseStorage */,
				2FFA08772F8456B100FBFAD9 /* FirebaseFunctions */,
			);
			productName = Caller;
			productReference = 2F1B1EF62F82D32300A1B9E5 /* Caller.app */;
			productType = "com.apple.product-type.application";
		};
		2F3576E72F91571800E1D1CD /* LocationPush */ = {
			isa = PBXNativeTarget;
			buildConfigurationList = 2F3576F32F91571800E1D1CD /* Build configuration list for PBXNativeTarget "LocationPush" */;
			buildPhases = (
				2F3576E42F91571800E1D1CD /* Sources */,
				2F3576E52F91571800E1D1CD /* Frameworks */,
				2F3576E62F91571800E1D1CD /* Resources */,
			);
			buildRules = (
			);
			dependencies = (
			);
			fileSystemSynchronizedGroups = (
				2F3576E92F91571800E1D1CD /* LocationPush */,
			);
			name = LocationPush;
			packageProductDependencies = (
			);
			productName = LocationPush;
			productReference = 2F3576E82F91571800E1D1CD /* LocationPush.appex */;
			productType = "com.apple.product-type.app-extension";
		};
/* End PBXNativeTarget section */

/* Begin PBXProject section */
		2F1B1EEE2F82D32300A1B9E5 /* Project object */ = {
			isa = PBXProject;
			attributes = {
				BuildIndependentTargetsInParallel = 1;
				LastSwiftUpdateCheck = 2640;
				LastUpgradeCheck = 2640;
				TargetAttributes = {
					2F1B1EF52F82D32300A1B9E5 = {
						CreatedOnToolsVersion = 26.4;
					};
					2F3576E72F91571800E1D1CD = {
						CreatedOnToolsVersion = 26.4;
					};
				};
			};
			buildConfigurationList = 2F1B1EF12F82D32300A1B9E5 /* Build configuration list for PBXProject "Caller" */;
			developmentRegion = en;
			hasScannedForEncodings = 0;
			knownRegions = (
				en,
				Base,
			);
			mainGroup = 2F1B1EED2F82D32300A1B9E5;
			minimizedProjectReferenceProxies = 1;
			packageReferences = (
				2F1B1F332F82DC1800A1B9E5 /* XCRemoteSwiftPackageReference "WebRTC" */,
				2F1B1F3A2F82E1B500A1B9E5 /* XCRemoteSwiftPackageReference "firebase-ios-sdk" */,
				2F1B1F4F2F82E6E300A1B9E5 /* XCRemoteSwiftPackageReference "GoogleSignIn-iOS" */,
			);
			preferredProjectObjectVersion = 77;
			productRefGroup = 2F1B1EF72F82D32300A1B9E5 /* Products */;
			projectDirPath = "";
			projectRoot = "";
			targets = (
				2F1B1EF52F82D32300A1B9E5 /* Caller */,
				2F3576E72F91571800E1D1CD /* LocationPush */,
			);
		};
/* End PBXProject section */

/* Begin PBXResourcesBuildPhase section */
		2F1B1EF42F82D32300A1B9E5 /* Resources */ = {
			isa = PBXResourcesBuildPhase;
			buildActionMask = 2147483647;
			files = (
			);
			runOnlyForDeploymentPostprocessing = 0;
		};
		2F3576E62F91571800E1D1CD /* Resources */ = {
			isa = PBXResourcesBuildPhase;
			buildActionMask = 2147483647;
			files = (
			);
			runOnlyForDeploymentPostprocessing = 0;
		};
/* End PBXResourcesBuildPhase section */

/* Begin PBXSourcesBuildPhase section */
		2F1B1EF22F82D32300A1B9E5 /* Sources */ = {
			isa = PBXSourcesBuildPhase;
			buildActionMask = 2147483647;
			files = (
			);
			runOnlyForDeploymentPostprocessing = 0;
		};
		2F3576E42F91571800E1D1CD /* Sources */ = {
			isa = PBXSourcesBuildPhase;
			buildActionMask = 2147483647;
			files = (
			);
			runOnlyForDeploymentPostprocessing = 0;
		};
/* End PBXSourcesBuildPhase section */

/* Begin PBXTargetDependency section */
		2F3576EE2F91571800E1D1CD /* PBXTargetDependency */ = {
			isa = PBXTargetDependency;
			target = 2F3576E72F91571800E1D1CD /* LocationPush */;
			targetProxy = 2F3576ED2F91571800E1D1CD /* PBXContainerItemProxy */;
		};
/* End PBXTargetDependency section */

/* Begin XCBuildConfiguration section */
		2F1B1EFF2F82D32300A1B9E5 /* Debug */ = {
			isa = XCBuildConfiguration;
			buildSettings = {
				ALWAYS_SEARCH_USER_PATHS = NO;
				ASSETCATALOG_COMPILER_GENERATE_SWIFT_ASSET_SYMBOL_EXTENSIONS = YES;
				CLANG_ANALYZER_NONNULL = YES;
				CLANG_ANALYZER_NUMBER_OBJECT_CONVERSION = YES_AGGRESSIVE;
				CLANG_CXX_LANGUAGE_STANDARD = "gnu++20";
				CLANG_ENABLE_MODULES = YES;
				CLANG_ENABLE_OBJC_ARC = YES;
				CLANG_ENABLE_OBJC_WEAK = YES;
				CLANG_WARN_BLOCK_CAPTURE_AUTORELEASING = YES;
				CLANG_WARN_BOOL_CONVERSION = YES;
				CLANG_WARN_COMMA = YES;
				CLANG_WARN_CONSTANT_CONVERSION = YES;
				CLANG_WARN_DEPRECATED_OBJC_IMPLEMENTATIONS = YES;
				CLANG_WARN_DIRECT_OBJC_ISA_USAGE = YES_ERROR;
				CLANG_WARN_DOCUMENTATION_COMMENTS = YES;
				CLANG_WARN_EMPTY_BODY = YES;
				CLANG_WARN_ENUM_CONVERSION = YES;
				CLANG_WARN_INFINITE_RECURSION = YES;
				CLANG_WARN_INT_CONVERSION = YES;
				CLANG_WARN_NON_LITERAL_NULL_CONVERSION = YES;
				CLANG_WARN_OBJC_IMPLICIT_RETAIN_SELF = YES;
				CLANG_WARN_OBJC_LITERAL_CONVERSION = YES;
				CLANG_WARN_OBJC_ROOT_CLASS = YES_ERROR;
				CLANG_WARN_QUOTED_INCLUDE_IN_FRAMEWORK_HEADER = YES;
				CLANG_WARN_RANGE_LOOP_ANALYSIS = YES;
				CLANG_WARN_STRICT_PROTOTYPES = YES;
				CLANG_WARN_SUSPICIOUS_MOVE = YES;
				CLANG_WARN_UNGUARDED_AVAILABILITY = YES_AGGRESSIVE;
				CLANG_WARN_UNREACHABLE_CODE = YES;
				CLANG_WARN__DUPLICATE_METHOD_MATCH = YES;
				COPY_PHASE_STRIP = NO;
				DEBUG_INFORMATION_FORMAT = dwarf;
				DEVELOPMENT_TEAM = SVR98VYW78;
				ENABLE_STRICT_OBJC_MSGSEND = YES;
				ENABLE_TESTABILITY = YES;
				ENABLE_USER_SCRIPT_SANDBOXING = YES;
				GCC_C_LANGUAGE_STANDARD = gnu17;
				GCC_DYNAMIC_NO_PIC = NO;
				GCC_NO_COMMON_BLOCKS = YES;
				GCC_OPTIMIZATION_LEVEL = 0;
				GCC_PREPROCESSOR_DEFINITIONS = (
					"DEBUG=1",
					"$(inherited)",
				);
				GCC_WARN_64_TO_32_BIT_CONVERSION = YES;
				GCC_WARN_ABOUT_RETURN_TYPE = YES_ERROR;
				GCC_WARN_UNDECLARED_SELECTOR = YES;
				GCC_WARN_UNINITIALIZED_AUTOS = YES_AGGRESSIVE;
				GCC_WARN_UNUSED_FUNCTION = YES;
				GCC_WARN_UNUSED_VARIABLE = YES;
				LOCALIZATION_PREFERS_STRING_CATALOGS = YES;
				MTL_ENABLE_DEBUG_INFO = INCLUDE_SOURCE;
				MTL_FAST_MATH = YES;
				ONLY_ACTIVE_ARCH = YES;
				SWIFT_ACTIVE_COMPILATION_CONDITIONS = "DEBUG $(inherited)";
				SWIFT_OPTIMIZATION_LEVEL = "-Onone";
			};
			name = Debug;
		};
		2F1B1F002F82D32300A1B9E5 /* Release */ = {
			isa = XCBuildConfiguration;
			buildSettings = {
				ALWAYS_SEARCH_USER_PATHS = NO;
				ASSETCATALOG_COMPILER_GENERATE_SWIFT_ASSET_SYMBOL_EXTENSIONS = YES;
				CLANG_ANALYZER_NONNULL = YES;
				CLANG_ANALYZER_NUMBER_OBJECT_CONVERSION = YES_AGGRESSIVE;
				CLANG_CXX_LANGUAGE_STANDARD = "gnu++20";
				CLANG_ENABLE_MODULES = YES;
				CLANG_ENABLE_OBJC_ARC = YES;
				CLANG_ENABLE_OBJC_WEAK = YES;
				CLANG_WARN_BLOCK_CAPTURE_AUTORELEASING = YES;
				CLANG_WARN_BOOL_CONVERSION = YES;
				CLANG_WARN_COMMA = YES;
				CLANG_WARN_CONSTANT_CONVERSION = YES;
				CLANG_WARN_DEPRECATED_OBJC_IMPLEMENTATIONS = YES;
				CLANG_WARN_DIRECT_OBJC_ISA_USAGE = YES_ERROR;
				CLANG_WARN_DOCUMENTATION_COMMENTS = YES;
				CLANG_WARN_EMPTY_BODY = YES;
				CLANG_WARN_ENUM_CONVERSION = YES;
				CLANG_WARN_INFINITE_RECURSION = YES;
				CLANG_WARN_INT_CONVERSION = YES;
				CLANG_WARN_NON_LITERAL_NULL_CONVERSION = YES;
				CLANG_WARN_OBJC_IMPLICIT_RETAIN_SELF = YES;
				CLANG_WARN_OBJC_LITERAL_CONVERSION = YES;
				CLANG_WARN_OBJC_ROOT_CLASS = YES_ERROR;
				CLANG_WARN_QUOTED_INCLUDE_IN_FRAMEWORK_HEADER = YES;
				CLANG_WARN_RANGE_LOOP_ANALYSIS = YES;
				CLANG_WARN_STRICT_PROTOTYPES = YES;
				CLANG_WARN_SUSPICIOUS_MOVE = YES;
				CLANG_WARN_UNGUARDED_AVAILABILITY = YES_AGGRESSIVE;
				CLANG_WARN_UNREACHABLE_CODE = YES;
				CLANG_WARN__DUPLICATE_METHOD_MATCH = YES;
				COPY_PHASE_STRIP = NO;
				DEBUG_INFORMATION_FORMAT = "dwarf-with-dsym";
				DEVELOPMENT_TEAM = SVR98VYW78;
				ENABLE_NS_ASSERTIONS = NO;
				ENABLE_STRICT_OBJC_MSGSEND = YES;
				ENABLE_USER_SCRIPT_SANDBOXING = YES;
				GCC_C_LANGUAGE_STANDARD = gnu17;
				GCC_NO_COMMON_BLOCKS = YES;
				GCC_WARN_64_TO_32_BIT_CONVERSION = YES;
				GCC_WARN_ABOUT_RETURN_TYPE = YES_ERROR;
				GCC_WARN_UNDECLARED_SELECTOR = YES;
				GCC_WARN_UNINITIALIZED_AUTOS = YES_AGGRESSIVE;
				GCC_WARN_UNUSED_FUNCTION = YES;
				GCC_WARN_UNUSED_VARIABLE = YES;
				LOCALIZATION_PREFERS_STRING_CATALOGS = YES;
				MTL_ENABLE_DEBUG_INFO = NO;
				MTL_FAST_MATH = YES;
				SWIFT_COMPILATION_MODE = wholemodule;
			};
			name = Release;
		};
		2F1B1F022F82D32300A1B9E5 /* Debug */ = {
			isa = XCBuildConfiguration;
			buildSettings = {
				ASSETCATALOG_COMPILER_APPICON_NAME = AppIcon;
				ASSETCATALOG_COMPILER_GLOBAL_ACCENT_COLOR_NAME = AccentColor;
				CODE_SIGN_ENTITLEMENTS = Caller/Caller.entitlements;
				CODE_SIGN_IDENTITY = "Apple Development";
				CODE_SIGN_STYLE = Automatic;
				CURRENT_PROJECT_VERSION = 1;
				DEVELOPMENT_TEAM = SVR98VYW78;
				ENABLE_APP_SANDBOX = YES;
				ENABLE_HARDENED_RUNTIME = YES;
				ENABLE_PREVIEWS = YES;
				ENABLE_USER_SELECTED_FILES = readonly;
				GENERATE_INFOPLIST_FILE = YES;
				INFOPLIST_FILE = Caller/Info.plist;
				INFOPLIST_KEY_NSCameraUsageDescription = "Камера используется для сканирования QR-кодов и видеозвонков.";
				INFOPLIST_KEY_NSLocationAlwaysAndWhenInUseUsageDescription = "Фоновая геолокация нужна, чтобы друзья могли видеть вашу актуальную позицию, когда вы включили шаринг.";
				INFOPLIST_KEY_NSLocationWhenInUseUsageDescription = "Геолокация нужна, чтобы показывать вас и ваших друзей на карте.";
				INFOPLIST_KEY_NSMicrophoneUsageDescription = "Caller uses the microphone for audio and video calls.";
				"INFOPLIST_KEY_UIApplicationSceneManifest_Generation[sdk=iphoneos*]" = YES;
				"INFOPLIST_KEY_UIApplicationSceneManifest_Generation[sdk=iphonesimulator*]" = YES;
				"INFOPLIST_KEY_UIApplicationSupportsIndirectInputEvents[sdk=iphoneos*]" = YES;
				"INFOPLIST_KEY_UIApplicationSupportsIndirectInputEvents[sdk=iphonesimulator*]" = YES;
				"INFOPLIST_KEY_UILaunchScreen_Generation[sdk=iphoneos*]" = YES;
				"INFOPLIST_KEY_UILaunchScreen_Generation[sdk=iphonesimulator*]" = YES;
				"INFOPLIST_KEY_UIStatusBarStyle[sdk=iphoneos*]" = UIStatusBarStyleDefault;
				"INFOPLIST_KEY_UIStatusBarStyle[sdk=iphonesimulator*]" = UIStatusBarStyleDefault;
				INFOPLIST_KEY_UISupportedInterfaceOrientations = UIInterfaceOrientationPortrait;
				INFOPLIST_KEY_UISupportedInterfaceOrientations_iPad = "UIInterfaceOrientationLandscapeLeft UIInterfaceOrientationLandscapeRight UIInterfaceOrientationPortrait UIInterfaceOrientationPortraitUpsideDown";
				IPHONEOS_DEPLOYMENT_TARGET = 17.6;
				LD_RUNPATH_SEARCH_PATHS = "@executable_path/Frameworks";
				"LD_RUNPATH_SEARCH_PATHS[sdk=macosx*]" = "@executable_path/../Frameworks";
				MACOSX_DEPLOYMENT_TARGET = 26.4;
				MARKETING_VERSION = 1.0;
				PRODUCT_BUNDLE_IDENTIFIER = com.vkovalskiyk.Caller;
				PRODUCT_NAME = "$(TARGET_NAME)";
				PROVISIONING_PROFILE_SPECIFIER = "";
				REGISTER_APP_GROUPS = YES;
				SDKROOT = auto;
				STRING_CATALOG_GENERATE_SYMBOLS = YES;
				SUPPORTED_PLATFORMS = "iphoneos iphonesimulator";
				SUPPORTS_MACCATALYST = NO;
				SWIFT_APPROACHABLE_CONCURRENCY = YES;
				SWIFT_DEFAULT_ACTOR_ISOLATION = MainActor;
				SWIFT_EMIT_LOC_STRINGS = YES;
				SWIFT_UPCOMING_FEATURE_MEMBER_IMPORT_VISIBILITY = YES;
				SWIFT_VERSION = 5.0;
				TARGETED_DEVICE_FAMILY = "1,2";
				XROS_DEPLOYMENT_TARGET = 26.4;
			};
			name = Debug;
		};
		2F1B1F032F82D32300A1B9E5 /* Release */ = {
			isa = XCBuildConfiguration;
			buildSettings = {
				ASSETCATALOG_COMPILER_APPICON_NAME = AppIcon;
				ASSETCATALOG_COMPILER_GLOBAL_ACCENT_COLOR_NAME = AccentColor;
				CODE_SIGN_ENTITLEMENTS = Caller/Caller.entitlements;
				CODE_SIGN_IDENTITY = "Apple Development";
				CODE_SIGN_STYLE = Automatic;
				CURRENT_PROJECT_VERSION = 1;
				DEVELOPMENT_TEAM = SVR98VYW78;
				ENABLE_APP_SANDBOX = YES;
				ENABLE_HARDENED_RUNTIME = YES;
				ENABLE_PREVIEWS = YES;
				ENABLE_USER_SELECTED_FILES = readonly;
				GENERATE_INFOPLIST_FILE = YES;
				INFOPLIST_FILE = Caller/Info.plist;
				INFOPLIST_KEY_NSCameraUsageDescription = "Камера используется для сканирования QR-кодов и видеозвонков.";
				INFOPLIST_KEY_NSLocationAlwaysAndWhenInUseUsageDescription = "Фоновая геолокация нужна, чтобы друзья могли видеть вашу актуальную позицию, когда вы включили шаринг.";
				INFOPLIST_KEY_NSLocationWhenInUseUsageDescription = "Геолокация нужна, чтобы показывать вас и ваших друзей на карте.";
				INFOPLIST_KEY_NSMicrophoneUsageDescription = "Caller uses the microphone for audio and video calls.";
				"INFOPLIST_KEY_UIApplicationSceneManifest_Generation[sdk=iphoneos*]" = YES;
				"INFOPLIST_KEY_UIApplicationSceneManifest_Generation[sdk=iphonesimulator*]" = YES;
				"INFOPLIST_KEY_UIApplicationSupportsIndirectInputEvents[sdk=iphoneos*]" = YES;
				"INFOPLIST_KEY_UIApplicationSupportsIndirectInputEvents[sdk=iphonesimulator*]" = YES;
				"INFOPLIST_KEY_UILaunchScreen_Generation[sdk=iphoneos*]" = YES;
				"INFOPLIST_KEY_UILaunchScreen_Generation[sdk=iphonesimulator*]" = YES;
				"INFOPLIST_KEY_UIStatusBarStyle[sdk=iphoneos*]" = UIStatusBarStyleDefault;
				"INFOPLIST_KEY_UIStatusBarStyle[sdk=iphonesimulator*]" = UIStatusBarStyleDefault;
				INFOPLIST_KEY_UISupportedInterfaceOrientations = UIInterfaceOrientationPortrait;
				INFOPLIST_KEY_UISupportedInterfaceOrientations_iPad = "UIInterfaceOrientationLandscapeLeft UIInterfaceOrientationLandscapeRight UIInterfaceOrientationPortrait UIInterfaceOrientationPortraitUpsideDown";
				IPHONEOS_DEPLOYMENT_TARGET = 17.6;
				LD_RUNPATH_SEARCH_PATHS = "@executable_path/Frameworks";
				"LD_RUNPATH_SEARCH_PATHS[sdk=macosx*]" = "@executable_path/../Frameworks";
				MACOSX_DEPLOYMENT_TARGET = 26.4;
				MARKETING_VERSION = 1.0;
				PRODUCT_BUNDLE_IDENTIFIER = com.vkovalskiyk.Caller;
				PRODUCT_NAME = "$(TARGET_NAME)";
				PROVISIONING_PROFILE_SPECIFIER = "";
				REGISTER_APP_GROUPS = YES;
				SDKROOT = auto;
				STRING_CATALOG_GENERATE_SYMBOLS = YES;
				SUPPORTED_PLATFORMS = "iphoneos iphonesimulator";
				SUPPORTS_MACCATALYST = NO;
				SWIFT_APPROACHABLE_CONCURRENCY = YES;
				SWIFT_DEFAULT_ACTOR_ISOLATION = MainActor;
				SWIFT_EMIT_LOC_STRINGS = YES;
				SWIFT_UPCOMING_FEATURE_MEMBER_IMPORT_VISIBILITY = YES;
				SWIFT_VERSION = 5.0;
				TARGETED_DEVICE_FAMILY = "1,2";
				XROS_DEPLOYMENT_TARGET = 26.4;
			};
			name = Release;
		};
		2F3576F12F91571800E1D1CD /* Debug */ = {
			isa = XCBuildConfiguration;
			buildSettings = {
				CODE_SIGN_IDENTITY = "Apple Development";
				CODE_SIGN_STYLE = Automatic;
				CURRENT_PROJECT_VERSION = 1;
				DEVELOPMENT_TEAM = SVR98VYW78;
				GENERATE_INFOPLIST_FILE = YES;
				INFOPLIST_FILE = LocationPush/Info.plist;
				INFOPLIST_KEY_CFBundleDisplayName = LocationPush;
				INFOPLIST_KEY_NSHumanReadableCopyright = "";
				IPHONEOS_DEPLOYMENT_TARGET = 26.4;
				LD_RUNPATH_SEARCH_PATHS = (
					"$(inherited)",
					"@executable_path/Frameworks",
					"@executable_path/../../Frameworks",
				);
				MARKETING_VERSION = 1.0;
				PRODUCT_BUNDLE_IDENTIFIER = com.vkovalskiyk.Caller.LocationPush;
				PRODUCT_NAME = "$(TARGET_NAME)";
				SDKROOT = iphoneos;
				SKIP_INSTALL = YES;
				STRING_CATALOG_GENERATE_SYMBOLS = YES;
				SWIFT_APPROACHABLE_CONCURRENCY = YES;
				SWIFT_EMIT_LOC_STRINGS = YES;
				SWIFT_UPCOMING_FEATURE_MEMBER_IMPORT_VISIBILITY = YES;
				SWIFT_VERSION = 5.0;
				TARGETED_DEVICE_FAMILY = "1,2";
			};
			name = Debug;
		};
		2F3576F22F91571800E1D1CD /* Release */ = {
			isa = XCBuildConfiguration;
			buildSettings = {
				CODE_SIGN_IDENTITY = "Apple Development";
				CODE_SIGN_STYLE = Automatic;
				CURRENT_PROJECT_VERSION = 1;
				DEVELOPMENT_TEAM = SVR98VYW78;
				GENERATE_INFOPLIST_FILE = YES;
				INFOPLIST_FILE = LocationPush/Info.plist;
				INFOPLIST_KEY_CFBundleDisplayName = LocationPush;
				INFOPLIST_KEY_NSHumanReadableCopyright = "";
				IPHONEOS_DEPLOYMENT_TARGET = 26.4;
				LD_RUNPATH_SEARCH_PATHS = (
					"$(inherited)",
					"@executable_path/Frameworks",
					"@executable_path/../../Frameworks",
				);
				MARKETING_VERSION = 1.0;
				PRODUCT_BUNDLE_IDENTIFIER = com.vkovalskiyk.Caller.LocationPush;
				PRODUCT_NAME = "$(TARGET_NAME)";
				SDKROOT = iphoneos;
				SKIP_INSTALL = YES;
				STRING_CATALOG_GENERATE_SYMBOLS = YES;
				SWIFT_APPROACHABLE_CONCURRENCY = YES;
				SWIFT_EMIT_LOC_STRINGS = YES;
				SWIFT_UPCOMING_FEATURE_MEMBER_IMPORT_VISIBILITY = YES;
				SWIFT_VERSION = 5.0;
				TARGETED_DEVICE_FAMILY = "1,2";
				VALIDATE_PRODUCT = YES;
			};
			name = Release;
		};
/* End XCBuildConfiguration section */

/* Begin XCConfigurationList section */
		2F1B1EF12F82D32300A1B9E5 /* Build configuration list for PBXProject "Caller" */ = {
			isa = XCConfigurationList;
			buildConfigurations = (
				2F1B1EFF2F82D32300A1B9E5 /* Debug */,
				2F1B1F002F82D32300A1B9E5 /* Release */,
			);
			defaultConfigurationIsVisible = 0;
			defaultConfigurationName = Release;
		};
		2F1B1F012F82D32300A1B9E5 /* Build configuration list for PBXNativeTarget "Caller" */ = {
			isa = XCConfigurationList;
			buildConfigurations = (
				2F1B1F022F82D32300A1B9E5 /* Debug */,
				2F1B1F032F82D32300A1B9E5 /* Release */,
			);
			defaultConfigurationIsVisible = 0;
			defaultConfigurationName = Release;
		};
		2F3576F32F91571800E1D1CD /* Build configuration list for PBXNativeTarget "LocationPush" */ = {
			isa = XCConfigurationList;
			buildConfigurations = (
				2F3576F12F91571800E1D1CD /* Debug */,
				2F3576F22F91571800E1D1CD /* Release */,
			);
			defaultConfigurationIsVisible = 0;
			defaultConfigurationName = Release;
		};
/* End XCConfigurationList section */

/* Begin XCRemoteSwiftPackageReference section */
		2F1B1F332F82DC1800A1B9E5 /* XCRemoteSwiftPackageReference "WebRTC" */ = {
			isa = XCRemoteSwiftPackageReference;
			repositoryURL = "https://github.com/stasel/WebRTC.git";
			requirement = {
				kind = upToNextMajorVersion;
				minimumVersion = 146.0.0;
			};
		};
		2F1B1F3A2F82E1B500A1B9E5 /* XCRemoteSwiftPackageReference "firebase-ios-sdk" */ = {
			isa = XCRemoteSwiftPackageReference;
			repositoryURL = "https://github.com/firebase/firebase-ios-sdk.git";
			requirement = {
				kind = upToNextMajorVersion;
				minimumVersion = 12.11.0;
			};
		};
		2F1B1F4F2F82E6E300A1B9E5 /* XCRemoteSwiftPackageReference "GoogleSignIn-iOS" */ = {
			isa = XCRemoteSwiftPackageReference;
			repositoryURL = "https://github.com/google/GoogleSignIn-iOS";
			requirement = {
				kind = upToNextMajorVersion;
				minimumVersion = 9.1.0;
			};
		};
/* End XCRemoteSwiftPackageReference section */

/* Begin XCSwiftPackageProductDependency section */
		2F1B1F342F82DC1800A1B9E5 /* WebRTC */ = {
			isa = XCSwiftPackageProductDependency;
			package = 2F1B1F332F82DC1800A1B9E5 /* XCRemoteSwiftPackageReference "WebRTC" */;
			productName = WebRTC;
		};
		2F1B1F3B2F82E1B500A1B9E5 /* FirebaseAnalytics */ = {
			isa = XCSwiftPackageProductDependency;
			package = 2F1B1F3A2F82E1B500A1B9E5 /* XCRemoteSwiftPackageReference "firebase-ios-sdk" */;
			productName = FirebaseAnalytics;
		};
		2F1B1F3D2F82E1B500A1B9E5 /* FirebaseAuth */ = {
			isa = XCSwiftPackageProductDependency;
			package = 2F1B1F3A2F82E1B500A1B9E5 /* XCRemoteSwiftPackageReference "firebase-ios-sdk" */;
			productName = FirebaseAuth;
		};
		2F1B1F3F2F82E1B500A1B9E5 /* FirebaseCore */ = {
			isa = XCSwiftPackageProductDependency;
			package = 2F1B1F3A2F82E1B500A1B9E5 /* XCRemoteSwiftPackageReference "firebase-ios-sdk" */;
			productName = FirebaseCore;
		};
		2F1B1F412F82E1B500A1B9E5 /* FirebaseCrashlytics */ = {
			isa = XCSwiftPackageProductDependency;
			package = 2F1B1F3A2F82E1B500A1B9E5 /* XCRemoteSwiftPackageReference "firebase-ios-sdk" */;
			productName = FirebaseCrashlytics;
		};
		2F1B1F432F82E1B500A1B9E5 /* FirebaseDatabase */ = {
			isa = XCSwiftPackageProductDependency;
			package = 2F1B1F3A2F82E1B500A1B9E5 /* XCRemoteSwiftPackageReference "firebase-ios-sdk" */;
			productName = FirebaseDatabase;
		};
		2F1B1F452F82E1B500A1B9E5 /* FirebaseFirestore */ = {
			isa = XCSwiftPackageProductDependency;
			package = 2F1B1F3A2F82E1B500A1B9E5 /* XCRemoteSwiftPackageReference "firebase-ios-sdk" */;
			productName = FirebaseFirestore;
		};
		2F1B1F472F82E1B500A1B9E5 /* FirebaseInAppMessaging-Beta */ = {
			isa = XCSwiftPackageProductDependency;
			package = 2F1B1F3A2F82E1B500A1B9E5 /* XCRemoteSwiftPackageReference "firebase-ios-sdk" */;
			productName = "FirebaseInAppMessaging-Beta";
		};
		2F1B1F492F82E1B500A1B9E5 /* FirebaseMessaging */ = {
			isa = XCSwiftPackageProductDependency;
			package = 2F1B1F3A2F82E1B500A1B9E5 /* XCRemoteSwiftPackageReference "firebase-ios-sdk" */;
			productName = FirebaseMessaging;
		};
		2F1B1F502F82E6E300A1B9E5 /* GoogleSignIn */ = {
			isa = XCSwiftPackageProductDependency;
			package = 2F1B1F4F2F82E6E300A1B9E5 /* XCRemoteSwiftPackageReference "GoogleSignIn-iOS" */;
			productName = GoogleSignIn;
		};
		2F1B1F522F82E6E300A1B9E5 /* GoogleSignInSwift */ = {
			isa = XCSwiftPackageProductDependency;
			package = 2F1B1F4F2F82E6E300A1B9E5 /* XCRemoteSwiftPackageReference "GoogleSignIn-iOS" */;
			productName = GoogleSignInSwift;
		};
		2FFA08752F84541400FBFAD9 /* FirebaseStorage */ = {
			isa = XCSwiftPackageProductDependency;
			package = 2F1B1F3A2F82E1B500A1B9E5 /* XCRemoteSwiftPackageReference "firebase-ios-sdk" */;
			productName = FirebaseStorage;
		};
		2FFA08772F8456B100FBFAD9 /* FirebaseFunctions */ = {
			isa = XCSwiftPackageProductDependency;
			package = 2F1B1F3A2F82E1B500A1B9E5 /* XCRemoteSwiftPackageReference "firebase-ios-sdk" */;
			productName = FirebaseFunctions;
		};
/* End XCSwiftPackageProductDependency section */
	};
	rootObject = 2F1B1EEE2F82D32300A1B9E5 /* Project object */;
}
